
Microsoft Visual Studio Solution File, Format Version 12.00
# Visual Studio 14
VisualStudioVersion = 14.0.25420.1
MinimumVisualStudioVersion = 10.0.40219.1
Project("{8BC9CEB8-8B4A-11D0-8D11-00A0C91BC942}") = "Dijkstra", "Dijkstra.vcxproj", "{F987262A-64E1-4186-89CD-B926EFC354FE}"
EndProject
Global
	GlobalSection(SolutionConfigurationPlatforms) = preSolution
		Debug|x64 = Debug|x64
		Debug|x86 = Debug|x86
		Release|x64 = Release|x64
		Release|x86 = Release|x86
	EndGlobalSection
	GlobalSection(ProjectConfigurationPlatforms) = postSolution
		{F987262A-64E1-4186-89CD-B926EFC354FE}.Debug|x64.ActiveCfg = Debug|x64
		{F987262A-64E1-4186-89CD-B926EFC354FE}.Debug|x64.Build.0 = Debug|x64
		{F987262A-64E1-4186-89CD-B926EFC354FE}.Debug|x86.ActiveCfg = Debug|Win32
		{F987262A-64E1-4186-89CD-B926EFC354FE}.Debug|x86.Build.0 = Debug|Win32
		{F987262A-64E1-4186-89CD-B926EFC354FE}.Release|x64.ActiveCfg = Release|x64
		{F987262A-64E1-4186-89CD-B926EFC354FE}.Release|x64.Build.0 = Release|x64
		{F987262A-64E1-4186-89CD-B926EFC354FE}.Release|x86.ActiveCfg = Release|Win32
		{F987262A-64E1-4186-89CD-B926EFC354FE}.Release|x86.Build.0 = Release|Win32
	EndGlobalSection
	GlobalSection(SolutionProperties) = preSolution
		HideSolutionNode = FALSE
	EndGlobalSection
EndGlobal
